
Microsoft Visual Studio Solution File, Format Version 12.00
# Visual Studio Version 17
VisualStudioVersion = 17.4.33213.308
MinimumVisualStudioVersion = 10.0.40219.1
Project("{FAE04EC0-301F-11D3-BF4B-00C04F79EFBC}") = "FifthApplication", "FifthApplication\FifthApplication.csproj", "{6F3610DD-709A-425C-9F71-984E2F0C402D}"
EndProject
Global
	GlobalSection(SolutionConfigurationPlatforms) = preSolution
		Debug|Any CPU = Debug|Any CPU
		Release|Any CPU = Release|Any CPU
	EndGlobalSection
	GlobalSection(ProjectConfigurationPlatforms) = postSolution
		{6F3610DD-709A-425C-9F71-984E2F0C402D}.Debug|Any CPU.ActiveCfg = Debug|Any CPU
		{6F3610DD-709A-425C-9F71-984E2F0C402D}.Debug|Any CPU.Build.0 = Debug|Any CPU
		{6F3610DD-709A-425C-9F71-984E2F0C402D}.Release|Any CPU.ActiveCfg = Release|Any CPU
		{6F3610DD-709A-425C-9F71-984E2F0C402D}.Release|Any CPU.Build.0 = Release|Any CPU
	EndGlobalSection
	GlobalSection(SolutionProperties) = preSolution
		HideSolutionNode = FALSE
	EndGlobalSection
	GlobalSection(ExtensibilityGlobals) = postSolution
		SolutionGuid = {3E3037EB-F147-4D4B-A8A4-E56031ACB53E}
	EndGlobalSection
EndGlobal
