
Microsoft Visual Studio Solution File, Format Version 12.00
# Visual Studio Version 17
VisualStudioVersion = 17.4.33213.308
MinimumVisualStudioVersion = 10.0.40219.1
Project("{FAE04EC0-301F-11D3-BF4B-00C04F79EFBC}") = "SeventhApplication", "SeventhApplication\SeventhApplication.csproj", "{0CBEA4DD-FB1A-45EE-90A3-45E1A3D5BBEF}"
EndProject
Global
	GlobalSection(SolutionConfigurationPlatforms) = preSolution
		Debug|Any CPU = Debug|Any CPU
		Release|Any CPU = Release|Any CPU
	EndGlobalSection
	GlobalSection(ProjectConfigurationPlatforms) = postSolution
		{0CBEA4DD-FB1A-45EE-90A3-45E1A3D5BBEF}.Debug|Any CPU.ActiveCfg = Debug|Any CPU
		{0CBEA4DD-FB1A-45EE-90A3-45E1A3D5BBEF}.Debug|Any CPU.Build.0 = Debug|Any CPU
		{0CBEA4DD-FB1A-45EE-90A3-45E1A3D5BBEF}.Release|Any CPU.ActiveCfg = Release|Any CPU
		{0CBEA4DD-FB1A-45EE-90A3-45E1A3D5BBEF}.Release|Any CPU.Build.0 = Release|Any CPU
	EndGlobalSection
	GlobalSection(SolutionProperties) = preSolution
		HideSolutionNode = FALSE
	EndGlobalSection
	GlobalSection(ExtensibilityGlobals) = postSolution
		SolutionGuid = {498D8750-9DA3-4E69-A751-15B4029D4816}
	EndGlobalSection
EndGlobal
