
Microsoft Visual Studio Solution File, Format Version 12.00
# Visual Studio Version 17
VisualStudioVersion = 17.4.33213.308
MinimumVisualStudioVersion = 10.0.40219.1
Project("{FAE04EC0-301F-11D3-BF4B-00C04F79EFBC}") = "MyFirstApplication", "MyFirstApplication\MyFirstApplication.csproj", "{F2EA215F-FE35-4F97-AAC5-6C45A27B47B4}"
EndProject
Global
	GlobalSection(SolutionConfigurationPlatforms) = preSolution
		Debug|Any CPU = Debug|Any CPU
		Release|Any CPU = Release|Any CPU
	EndGlobalSection
	GlobalSection(ProjectConfigurationPlatforms) = postSolution
		{F2EA215F-FE35-4F97-AAC5-6C45A27B47B4}.Debug|Any CPU.ActiveCfg = Debug|Any CPU
		{F2EA215F-FE35-4F97-AAC5-6C45A27B47B4}.Debug|Any CPU.Build.0 = Debug|Any CPU
		{F2EA215F-FE35-4F97-AAC5-6C45A27B47B4}.Release|Any CPU.ActiveCfg = Release|Any CPU
		{F2EA215F-FE35-4F97-AAC5-6C45A27B47B4}.Release|Any CPU.Build.0 = Release|Any CPU
	EndGlobalSection
	GlobalSection(SolutionProperties) = preSolution
		HideSolutionNode = FALSE
	EndGlobalSection
	GlobalSection(ExtensibilityGlobals) = postSolution
		SolutionGuid = {FA5993F6-C383-4F9B-9EB3-70B359A82596}
	EndGlobalSection
EndGlobal
